
Microsoft Visual Studio Solution File, Format Version 12.00
# Visual Studio Version 17
VisualStudioVersion = 17.6.33723.286
MinimumVisualStudioVersion = 10.0.40219.1
Project("{FAE04EC0-301F-11D3-BF4B-00C04F79EFBC}") = "MyBooks", "MyBooks.csproj", "{337EB3B3-4169-4A53-85C8-E28072662DD4}"
EndProject
Project("{FAE04EC0-301F-11D3-BF4B-00C04F79EFBC}") = "my-books-test", "..\my-books-test\my-books-test.csproj", "{5317FC49-FA79-4728-AA73-CF9077807F34}"
EndProject
Global
	GlobalSection(SolutionConfigurationPlatforms) = preSolution
		Debug|Any CPU = Debug|Any CPU
		Release|Any CPU = Release|Any CPU
	EndGlobalSection
	GlobalSection(ProjectConfigurationPlatforms) = postSolution
		{337EB3B3-4169-4A53-85C8-E28072662DD4}.Debug|Any CPU.ActiveCfg = Debug|Any CPU
		{337EB3B3-4169-4A53-85C8-E28072662DD4}.Debug|Any CPU.Build.0 = Debug|Any CPU
		{337EB3B3-4169-4A53-85C8-E28072662DD4}.Release|Any CPU.ActiveCfg = Release|Any CPU
		{337EB3B3-4169-4A53-85C8-E28072662DD4}.Release|Any CPU.Build.0 = Release|Any CPU
		{5317FC49-FA79-4728-AA73-CF9077807F34}.Debug|Any CPU.ActiveCfg = Debug|Any CPU
		{5317FC49-FA79-4728-AA73-CF9077807F34}.Debug|Any CPU.Build.0 = Debug|Any CPU
		{5317FC49-FA79-4728-AA73-CF9077807F34}.Release|Any CPU.ActiveCfg = Release|Any CPU
		{5317FC49-FA79-4728-AA73-CF9077807F34}.Release|Any CPU.Build.0 = Release|Any CPU
	EndGlobalSection
	GlobalSection(SolutionProperties) = preSolution
		HideSolutionNode = FALSE
	EndGlobalSection
	GlobalSection(ExtensibilityGlobals) = postSolution
		SolutionGuid = {5201FFC2-3E59-4B7B-A8CF-B7A1EECB8F58}
	EndGlobalSection
EndGlobal
